# THIS IS AN AUTOGENERATED FILE. DO NOT EDIT THIS FILE DIRECTLY.
# yarn lockfile v1


"@prisma/client@^5.15.0":
  version "5.15.0"
  resolved "https://registry.yarnpkg.com/@prisma/client/-/client-5.15.0.tgz#a9443ace9b8a8d57aff70647168e95f2f55c5dc9"
  integrity sha512-wPTeTjbd2Q0abOeffN7zCDCbkp9C9cF+e9HPiI64lmpehyq2TepgXE+sY7FXr7Rhbb21prLMnhXX27/E11V09w==

"@prisma/debug@5.15.0":
  version "5.15.0"
  resolved "https://registry.yarnpkg.com/@prisma/debug/-/debug-5.15.0.tgz#a4c1d8dbca9cf29aab1c82a56a65224ed3e05f13"
  integrity sha512-QpEAOjieLPc/4sMny/WrWqtpIAmBYsgqwWlWwIctqZO0AbhQ9QcT6x2Ut3ojbDo/pFRCCA1Z1+xm2MUy7fAkZA==

"@prisma/engines-version@5.15.0-29.12e25d8d06f6ea5a0252864dd9a03b1bb51f3022":
  version "5.15.0-29.12e25d8d06f6ea5a0252864dd9a03b1bb51f3022"
  resolved "https://registry.yarnpkg.com/@prisma/engines-version/-/engines-version-5.15.0-29.12e25d8d06f6ea5a0252864dd9a03b1bb51f3022.tgz#4469a372b74088db05c0fc8cff65f229b804fa51"
  integrity sha512-3BEgZ41Qb4oWHz9kZNofToRvNeS4LZYaT9pienR1gWkjhky6t6K1NyeWNBkqSj2llgraUNbgMOCQPY4f7Qp5wA==

"@prisma/engines@5.15.0":
  version "5.15.0"
  resolved "https://registry.yarnpkg.com/@prisma/engines/-/engines-5.15.0.tgz#bddf1973b5b0d2ebed473ed445b1a7c8dd23300b"
  integrity sha512-hXL5Sn9hh/ZpRKWiyPA5GbvF3laqBHKt6Vo70hYqqOhh5e0ZXDzHcdmxNvOefEFeqxra2DMz2hNbFoPvqrVe1w==
  dependencies:
    "@prisma/debug" "5.15.0"
    "@prisma/engines-version" "5.15.0-29.12e25d8d06f6ea5a0252864dd9a03b1bb51f3022"
    "@prisma/fetch-engine" "5.15.0"
    "@prisma/get-platform" "5.15.0"

"@prisma/fetch-engine@5.15.0":
  version "5.15.0"
  resolved "https://registry.yarnpkg.com/@prisma/fetch-engine/-/fetch-engine-5.15.0.tgz#f5bafd6aed3f58c41b5d0d6f832d652aa5d4cde7"
  integrity sha512-z6AY5yyXxc20Klj7wwnfGP0iIUkVKzybqapT02zLYR/nf9ynaeN8bq73WRmi1TkLYn+DJ5Qy+JGu7hBf1pE78A==
  dependencies:
    "@prisma/debug" "5.15.0"
    "@prisma/engines-version" "5.15.0-29.12e25d8d06f6ea5a0252864dd9a03b1bb51f3022"
    "@prisma/get-platform" "5.15.0"

"@prisma/get-platform@5.15.0":
  version "5.15.0"
  resolved "https://registry.yarnpkg.com/@prisma/get-platform/-/get-platform-5.15.0.tgz#d39fbe8458432f76afeb6c9199bffae73db4f5cc"
  integrity sha512-1GULDkW4+/VQb73vihxCBSc4Chc2x88MA+O40tcZFjmBzG4/fF44PaXFxUqKSFltxU9L9GIMLhh0Gfkk/pUbtg==
  dependencies:
    "@prisma/debug" "5.15.0"

dotenv@^16.4.5:
  version "16.4.5"
  resolved "https://registry.yarnpkg.com/dotenv/-/dotenv-16.4.5.tgz#cdd3b3b604cb327e286b4762e13502f717cb099f"
  integrity sha512-ZmdL2rui+eB2YwhsWzjInR8LldtZHGDoQ1ugH85ppHKwpUHL7j7rN0Ti9NCnGiQbhaZ11FpR+7ao1dNsmduNUg==

moment-timezone@^0.5.45:
  version "0.5.45"
  resolved "https://registry.yarnpkg.com/moment-timezone/-/moment-timezone-0.5.45.tgz#cb685acd56bac10e69d93c536366eb65aa6bcf5c"
  integrity sha512-HIWmqA86KcmCAhnMAN0wuDOARV/525R2+lOLotuGFzn4HO+FH+/645z2wx0Dt3iDv6/p61SIvKnDstISainhLQ==
  dependencies:
    moment "^2.29.4"

moment@^2.29.4:
  version "2.30.1"
  resolved "https://registry.yarnpkg.com/moment/-/moment-2.30.1.tgz#f8c91c07b7a786e30c59926df530b4eac96974ae"
  integrity sha512-uEmtNhbDOrWPFS+hdjFCBfy9f2YoyzRpwcl+DqpC6taX21FzsTLQVbMV/W7PzNSX6x/bhC1zA3c2UQ5NzH6how==

node-cron@^3.0.3:
  version "3.0.3"
  resolved "https://registry.yarnpkg.com/node-cron/-/node-cron-3.0.3.tgz#c4bc7173dd96d96c50bdb51122c64415458caff2"
  integrity sha512-dOal67//nohNgYWb+nWmg5dkFdIwDm8EpeGYMekPMrngV3637lqnX0lbUcCtgibHTz6SEz7DAIjKvKDFYCnO1A==
  dependencies:
    uuid "8.3.2"

prisma@^5.15.0:
  version "5.15.0"
  resolved "https://registry.yarnpkg.com/prisma/-/prisma-5.15.0.tgz#887c295caa1b81b8849d94a2751cc0e0994f86d1"
  integrity sha512-JA81ACQSCi3a7NUOgonOIkdx8PAVkO+HbUOxmd00Yb8DgIIEpr2V9+Qe/j6MLxIgWtE/OtVQ54rVjfYRbZsCfw==
  dependencies:
    "@prisma/engines" "5.15.0"

uuid@8.3.2:
  version "8.3.2"
  resolved "https://registry.yarnpkg.com/uuid/-/uuid-8.3.2.tgz#80d5b5ced271bb9af6c445f21a1a04c606cefbe2"
  integrity sha512-+NYs2QeMWy+GWFOEm9xnn6HCDp0l7QBD7ml8zLUmJ+93Q5NF0NocErnwkTkXVFNiX3/fpC6afS8Dhb/gz7R7eg==
